
Microsoft Visual Studio Solution File, Format Version 12.00
# Visual Studio 15
VisualStudioVersion = 15.0.28307.1082
MinimumVisualStudioVersion = 10.0.40219.1
Project("{FAE04EC0-301F-11D3-BF4B-00C04F79EFBC}") = "CyanAlarm", "CyanAlarm\CyanAlarm.csproj", "{14A4D940-0F1B-40FD-B741-1AE45B87A92F}"
EndProject
Global
	GlobalSection(SolutionConfigurationPlatforms) = preSolution
		Debug|Any CPU = Debug|Any CPU
		Release|Any CPU = Release|Any CPU
	EndGlobalSection
	GlobalSection(ProjectConfigurationPlatforms) = postSolution
		{14A4D940-0F1B-40FD-B741-1AE45B87A92F}.Debug|Any CPU.ActiveCfg = Debug|Any CPU
		{14A4D940-0F1B-40FD-B741-1AE45B87A92F}.Debug|Any CPU.Build.0 = Debug|Any CPU
		{14A4D940-0F1B-40FD-B741-1AE45B87A92F}.Release|Any CPU.ActiveCfg = Release|Any CPU
		{14A4D940-0F1B-40FD-B741-1AE45B87A92F}.Release|Any CPU.Build.0 = Release|Any CPU
	EndGlobalSection
	GlobalSection(SolutionProperties) = preSolution
		HideSolutionNode = FALSE
	EndGlobalSection
	GlobalSection(ExtensibilityGlobals) = postSolution
		SolutionGuid = {93E08A84-43F1-41CB-9C4E-8DC8F57FE8D6}
	EndGlobalSection
EndGlobal
